
Microsoft Visual Studio Solution File, Format Version 12.00
# Visual Studio Version 16
VisualStudioVersion = 16.0.34407.143
MinimumVisualStudioVersion = 10.0.40219.1
Project("{FAE04EC0-301F-11D3-BF4B-00C04F79EFBC}") = "Colors", "Colors.csproj", "{CC31D118-A483-4586-93FE-4B8AC6472DDB}"
EndProject
Global
	GlobalSection(SolutionConfigurationPlatforms) = preSolution
		Debug|Any CPU = Debug|Any CPU
		Release|Any CPU = Release|Any CPU
	EndGlobalSection
	GlobalSection(ProjectConfigurationPlatforms) = postSolution
		{CC31D118-A483-4586-93FE-4B8AC6472DDB}.Debug|Any CPU.ActiveCfg = Debug|Any CPU
		{CC31D118-A483-4586-93FE-4B8AC6472DDB}.Debug|Any CPU.Build.0 = Debug|Any CPU
		{CC31D118-A483-4586-93FE-4B8AC6472DDB}.Release|Any CPU.ActiveCfg = Release|Any CPU
		{CC31D118-A483-4586-93FE-4B8AC6472DDB}.Release|Any CPU.Build.0 = Release|Any CPU
	EndGlobalSection
	GlobalSection(SolutionProperties) = preSolution
		HideSolutionNode = FALSE
	EndGlobalSection
	GlobalSection(ExtensibilityGlobals) = postSolution
		SolutionGuid = {28612B76-5CA6-427C-A2C0-F51C834F55C9}
	EndGlobalSection
EndGlobal
