
Microsoft Visual Studio Solution File, Format Version 12.00
# Visual Studio Version 16
VisualStudioVersion = 16.0.32901.82
MinimumVisualStudioVersion = 10.0.40219.1
Project("{FAE04EC0-301F-11D3-BF4B-00C04F79EFBC}") = "004 - Keyboard Events", "004 - Keyboard Events.csproj", "{B12CD9DD-8E66-4B3C-B474-B8F114AC25F5}"
EndProject
Global
	GlobalSection(SolutionConfigurationPlatforms) = preSolution
		Debug|Any CPU = Debug|Any CPU
		Release|Any CPU = Release|Any CPU
	EndGlobalSection
	GlobalSection(ProjectConfigurationPlatforms) = postSolution
		{B12CD9DD-8E66-4B3C-B474-B8F114AC25F5}.Debug|Any CPU.ActiveCfg = Debug|Any CPU
		{B12CD9DD-8E66-4B3C-B474-B8F114AC25F5}.Debug|Any CPU.Build.0 = Debug|Any CPU
		{B12CD9DD-8E66-4B3C-B474-B8F114AC25F5}.Release|Any CPU.ActiveCfg = Release|Any CPU
		{B12CD9DD-8E66-4B3C-B474-B8F114AC25F5}.Release|Any CPU.Build.0 = Release|Any CPU
	EndGlobalSection
	GlobalSection(SolutionProperties) = preSolution
		HideSolutionNode = FALSE
	EndGlobalSection
	GlobalSection(ExtensibilityGlobals) = postSolution
		SolutionGuid = {F9E2040B-FD78-47D4-A634-CD392887FDD9}
	EndGlobalSection
EndGlobal
