
Microsoft Visual Studio Solution File, Format Version 12.00
# Visual Studio Version 16
VisualStudioVersion = 16.0.34407.143
MinimumVisualStudioVersion = 10.0.40219.1
Project("{FAE04EC0-301F-11D3-BF4B-00C04F79EFBC}") = "WindowsFormsApp1", "WindowsFormsApp1.csproj", "{7BFC3878-5C13-4B8E-8827-872507EF95B9}"
EndProject
Global
	GlobalSection(SolutionConfigurationPlatforms) = preSolution
		Debug|Any CPU = Debug|Any CPU
		Release|Any CPU = Release|Any CPU
	EndGlobalSection
	GlobalSection(ProjectConfigurationPlatforms) = postSolution
		{7BFC3878-5C13-4B8E-8827-872507EF95B9}.Debug|Any CPU.ActiveCfg = Debug|Any CPU
		{7BFC3878-5C13-4B8E-8827-872507EF95B9}.Debug|Any CPU.Build.0 = Debug|Any CPU
		{7BFC3878-5C13-4B8E-8827-872507EF95B9}.Release|Any CPU.ActiveCfg = Release|Any CPU
		{7BFC3878-5C13-4B8E-8827-872507EF95B9}.Release|Any CPU.Build.0 = Release|Any CPU
	EndGlobalSection
	GlobalSection(SolutionProperties) = preSolution
		HideSolutionNode = FALSE
	EndGlobalSection
	GlobalSection(ExtensibilityGlobals) = postSolution
		SolutionGuid = {FFF2B364-7392-4D6D-B029-596435813AE7}
	EndGlobalSection
EndGlobal
