
Microsoft Visual Studio Solution File, Format Version 12.00
# Visual Studio Version 16
VisualStudioVersion = 16.0.34407.143
MinimumVisualStudioVersion = 10.0.40219.1
Project("{FAE04EC0-301F-11D3-BF4B-00C04F79EFBC}") = "011 - Exception Handling Practice", "011 - Exception Handling Practice.csproj", "{8DB8DF96-2C47-4CEA-9658-61647DBCEBEE}"
EndProject
Global
	GlobalSection(SolutionConfigurationPlatforms) = preSolution
		Debug|Any CPU = Debug|Any CPU
		Release|Any CPU = Release|Any CPU
	EndGlobalSection
	GlobalSection(ProjectConfigurationPlatforms) = postSolution
		{8DB8DF96-2C47-4CEA-9658-61647DBCEBEE}.Debug|Any CPU.ActiveCfg = Debug|Any CPU
		{8DB8DF96-2C47-4CEA-9658-61647DBCEBEE}.Debug|Any CPU.Build.0 = Debug|Any CPU
		{8DB8DF96-2C47-4CEA-9658-61647DBCEBEE}.Release|Any CPU.ActiveCfg = Release|Any CPU
		{8DB8DF96-2C47-4CEA-9658-61647DBCEBEE}.Release|Any CPU.Build.0 = Release|Any CPU
	EndGlobalSection
	GlobalSection(SolutionProperties) = preSolution
		HideSolutionNode = FALSE
	EndGlobalSection
	GlobalSection(ExtensibilityGlobals) = postSolution
		SolutionGuid = {13BCC1C3-3CAA-417C-B59F-6680025F379C}
	EndGlobalSection
EndGlobal
